
Microsoft Visual Studio Solution File, Format Version 12.00
# Visual Studio 2013
VisualStudioVersion = 12.0.21005.1
MinimumVisualStudioVersion = 10.0.40219.1
Project("{FAE04EC0-301F-11D3-BF4B-00C04F79EFBC}") = "Infinni.Node", "Infinni.Node\Infinni.Node.csproj", "{A803FA45-610B-4A00-AB44-64AAB1676327}"
EndProject
Project("{FAE04EC0-301F-11D3-BF4B-00C04F79EFBC}") = "Infinni.NodeWorker", "Infinni.NodeWorker\Infinni.NodeWorker.csproj", "{A9F28DBD-2934-48EF-A799-D96C0F3AC2AE}"
EndProject
Project("{2150E333-8FDC-42A3-9474-1A3956D46DE8}") = ".build", ".build", "{CFBFE01E-CA01-403F-A6F6-C961B12630F3}"
	ProjectSection(SolutionItems) = preProject
		.build\Build.bat = .build\Build.bat
	EndProjectSection
EndProject
Project("{2150E333-8FDC-42A3-9474-1A3956D46DE8}") = ".common", ".common", "{5101429E-B377-4CB2-BD98-A540CD5AB0A7}"
	ProjectSection(SolutionItems) = preProject
		.common\VersionInfo.cs = .common\VersionInfo.cs
	EndProjectSection
EndProject
Global
	GlobalSection(SolutionConfigurationPlatforms) = preSolution
		Debug|Any CPU = Debug|Any CPU
		Release|Any CPU = Release|Any CPU
	EndGlobalSection
	GlobalSection(ProjectConfigurationPlatforms) = postSolution
		{A803FA45-610B-4A00-AB44-64AAB1676327}.Debug|Any CPU.ActiveCfg = Debug|Any CPU
		{A803FA45-610B-4A00-AB44-64AAB1676327}.Debug|Any CPU.Build.0 = Debug|Any CPU
		{A803FA45-610B-4A00-AB44-64AAB1676327}.Release|Any CPU.ActiveCfg = Release|Any CPU
		{A803FA45-610B-4A00-AB44-64AAB1676327}.Release|Any CPU.Build.0 = Release|Any CPU
		{A9F28DBD-2934-48EF-A799-D96C0F3AC2AE}.Debug|Any CPU.ActiveCfg = Debug|Any CPU
		{A9F28DBD-2934-48EF-A799-D96C0F3AC2AE}.Debug|Any CPU.Build.0 = Debug|Any CPU
		{A9F28DBD-2934-48EF-A799-D96C0F3AC2AE}.Release|Any CPU.ActiveCfg = Release|Any CPU
		{A9F28DBD-2934-48EF-A799-D96C0F3AC2AE}.Release|Any CPU.Build.0 = Release|Any CPU
	EndGlobalSection
	GlobalSection(SolutionProperties) = preSolution
		HideSolutionNode = FALSE
	EndGlobalSection
EndGlobal
